
Microsoft Visual Studio Solution File, Format Version 12.00
# Visual Studio Version 17
VisualStudioVersion = 17.9.34701.34
MinimumVisualStudioVersion = 10.0.40219.1
Project("{FAE04EC0-301F-11D3-BF4B-00C04F79EFBC}") = "Datum", "Datum\Datum.csproj", "{5911A462-662C-4007-8083-178ACA7497B0}"
EndProject
Global
	GlobalSection(SolutionConfigurationPlatforms) = preSolution
		Debug|Any CPU = Debug|Any CPU
		Release|Any CPU = Release|Any CPU
	EndGlobalSection
	GlobalSection(ProjectConfigurationPlatforms) = postSolution
		{5911A462-662C-4007-8083-178ACA7497B0}.Debug|Any CPU.ActiveCfg = Debug|Any CPU
		{5911A462-662C-4007-8083-178ACA7497B0}.Debug|Any CPU.Build.0 = Debug|Any CPU
		{5911A462-662C-4007-8083-178ACA7497B0}.Release|Any CPU.ActiveCfg = Release|Any CPU
		{5911A462-662C-4007-8083-178ACA7497B0}.Release|Any CPU.Build.0 = Release|Any CPU
	EndGlobalSection
	GlobalSection(SolutionProperties) = preSolution
		HideSolutionNode = FALSE
	EndGlobalSection
	GlobalSection(ExtensibilityGlobals) = postSolution
		SolutionGuid = {18A4BE46-8E50-447B-BF22-D72847ACABFC}
	EndGlobalSection
EndGlobal
